
Microsoft Visual Studio Solution File, Format Version 12.00
# Visual Studio Version 17
VisualStudioVersion = 17.0.31903.59
MinimumVisualStudioVersion = 10.0.40219.1
Project("{8BC9CEB8-8B4A-11D0-8D11-00A0C91BC942}") = "PersistentIdFix", "Src\PersistentIdFix.vcxproj", "{7C9A4B31-8D52-4F26-A1E7-6B9F2C4D8E53}"
EndProject
Global
	GlobalSection(SolutionConfigurationPlatforms) = preSolution
		Client Debug|x64 = Client Debug|x64
		Client Release|x64 = Client Release|x64
		Debug|x64 = Debug|x64
		Release|x64 = Release|x64
		Server Debug|x64 = Server Debug|x64
		Server Release|x64 = Server Release|x64
	EndGlobalSection
	GlobalSection(ProjectConfigurationPlatforms) = postSolution
		{7C9A4B31-8D52-4F26-A1E7-6B9F2C4D8E53}.Client Debug|x64.ActiveCfg = Client Debug|x64
		{7C9A4B31-8D52-4F26-A1E7-6B9F2C4D8E53}.Client Debug|x64.Build.0 = Client Debug|x64
		{7C9A4B31-8D52-4F26-A1E7-6B9F2C4D8E53}.Client Release|x64.ActiveCfg = Server Release|x64
		{7C9A4B31-8D52-4F26-A1E7-6B9F2C4D8E53}.Client Release|x64.Build.0 = Server Release|x64
		{7C9A4B31-8D52-4F26-A1E7-6B9F2C4D8E53}.Debug|x64.ActiveCfg = Debug|x64
		{7C9A4B31-8D52-4F26-A1E7-6B9F2C4D8E53}.Debug|x64.Build.0 = Debug|x64
		{7C9A4B31-8D52-4F26-A1E7-6B9F2C4D8E53}.Release|x64.ActiveCfg = Release|x64
		{7C9A4B31-8D52-4F26-A1E7-6B9F2C4D8E53}.Release|x64.Build.0 = Release|x64
		{7C9A4B31-8D52-4F26-A1E7-6B9F2C4D8E53}.Server Debug|x64.ActiveCfg = Server Debug|x64
		{7C9A4B31-8D52-4F26-A1E7-6B9F2C4D8E53}.Server Debug|x64.Build.0 = Server Debug|x64
		{7C9A4B31-8D52-4F26-A1E7-6B9F2C4D8E53}.Server Release|x64.ActiveCfg = Server Release|x64
		{7C9A4B31-8D52-4F26-A1E7-6B9F2C4D8E53}.Server Release|x64.Build.0 = Server Release|x64
	EndGlobalSection
	GlobalSection(SolutionProperties) = preSolution
		HideSolutionNode = FALSE
	EndGlobalSection
	GlobalSection(ExtensibilityGlobals) = postSolution
		SolutionGuid = {AC8C53C7-A9B9-4C2A-8539-A85AFFB06ED0}
	EndGlobalSection
EndGlobal
